
Microsoft Visual Studio Solution File, Format Version 12.00
# Visual Studio Version 17
VisualStudioVersion = 17.6.33829.357
MinimumVisualStudioVersion = 10.0.40219.1
Project("{FAE04EC0-301F-11D3-BF4B-00C04F79EFBC}") = "EmergencyServicesResponseApplication", "EmergencyServicesResponseApplication.csproj", "{5B1FD0E7-E7F5-4AF3-BDFC-1CA7344A0631}"
EndProject
Global
	GlobalSection(SolutionConfigurationPlatforms) = preSolution
		Debug|Any CPU = Debug|Any CPU
		Release|Any CPU = Release|Any CPU
	EndGlobalSection
	GlobalSection(ProjectConfigurationPlatforms) = postSolution
		{5B1FD0E7-E7F5-4AF3-BDFC-1CA7344A0631}.Debug|Any CPU.ActiveCfg = Debug|Any CPU
		{5B1FD0E7-E7F5-4AF3-BDFC-1CA7344A0631}.Debug|Any CPU.Build.0 = Debug|Any CPU
		{5B1FD0E7-E7F5-4AF3-BDFC-1CA7344A0631}.Release|Any CPU.ActiveCfg = Release|Any CPU
		{5B1FD0E7-E7F5-4AF3-BDFC-1CA7344A0631}.Release|Any CPU.Build.0 = Release|Any CPU
	EndGlobalSection
	GlobalSection(SolutionProperties) = preSolution
		HideSolutionNode = FALSE
	EndGlobalSection
	GlobalSection(ExtensibilityGlobals) = postSolution
		SolutionGuid = {108079C5-AA3C-4A2A-AF88-88349054CEB7}
	EndGlobalSection
EndGlobal
